
Microsoft Visual Studio Solution File, Format Version 12.00
# Visual Studio 15
VisualStudioVersion = 15.0.27703.2042
MinimumVisualStudioVersion = 10.0.40219.1
Project("{8BC9CEB8-8B4A-11D0-8D11-00A0C91BC942}") = "emulator", "emulator\emulator.vcxproj", "{7E155D33-A9DD-48DE-886B-FB5C477ACA43}"
EndProject
Project("{8BC9CEB8-8B4A-11D0-8D11-00A0C91BC942}") = "tables", "tables\tables.vcxproj", "{A0774373-ABC7-45E3-B611-FD846DC79D35}"
EndProject
Project("{8BC9CEB8-8B4A-11D0-8D11-00A0C91BC942}") = "assembler", "assembler\assembler.vcxproj", "{84AD3311-C831-4FC3-9E4D-5DD8EF0733E1}"
EndProject
Project("{8BC9CEB8-8B4A-11D0-8D11-00A0C91BC942}") = "input", "input\input.vcxproj", "{DA534542-3607-4585-BF2E-E749C7883BD0}"
EndProject
Global
	GlobalSection(SolutionConfigurationPlatforms) = preSolution
		Debug|x64 = Debug|x64
		Debug|x86 = Debug|x86
		Release|x64 = Release|x64
		Release|x86 = Release|x86
	EndGlobalSection
	GlobalSection(ProjectConfigurationPlatforms) = postSolution
		{7E155D33-A9DD-48DE-886B-FB5C477ACA43}.Debug|x64.ActiveCfg = Debug|x64
		{7E155D33-A9DD-48DE-886B-FB5C477ACA43}.Debug|x64.Build.0 = Debug|x64
		{7E155D33-A9DD-48DE-886B-FB5C477ACA43}.Debug|x86.ActiveCfg = Debug|Win32
		{7E155D33-A9DD-48DE-886B-FB5C477ACA43}.Debug|x86.Build.0 = Debug|Win32
		{7E155D33-A9DD-48DE-886B-FB5C477ACA43}.Release|x64.ActiveCfg = Release|x64
		{7E155D33-A9DD-48DE-886B-FB5C477ACA43}.Release|x64.Build.0 = Release|x64
		{7E155D33-A9DD-48DE-886B-FB5C477ACA43}.Release|x86.ActiveCfg = Release|Win32
		{7E155D33-A9DD-48DE-886B-FB5C477ACA43}.Release|x86.Build.0 = Release|Win32
		{A0774373-ABC7-45E3-B611-FD846DC79D35}.Debug|x64.ActiveCfg = Debug|x64
		{A0774373-ABC7-45E3-B611-FD846DC79D35}.Debug|x64.Build.0 = Debug|x64
		{A0774373-ABC7-45E3-B611-FD846DC79D35}.Debug|x86.ActiveCfg = Debug|Win32
		{A0774373-ABC7-45E3-B611-FD846DC79D35}.Debug|x86.Build.0 = Debug|Win32
		{A0774373-ABC7-45E3-B611-FD846DC79D35}.Release|x64.ActiveCfg = Release|x64
		{A0774373-ABC7-45E3-B611-FD846DC79D35}.Release|x64.Build.0 = Release|x64
		{A0774373-ABC7-45E3-B611-FD846DC79D35}.Release|x86.ActiveCfg = Release|Win32
		{A0774373-ABC7-45E3-B611-FD846DC79D35}.Release|x86.Build.0 = Release|Win32
		{84AD3311-C831-4FC3-9E4D-5DD8EF0733E1}.Debug|x64.ActiveCfg = Debug|x64
		{84AD3311-C831-4FC3-9E4D-5DD8EF0733E1}.Debug|x64.Build.0 = Debug|x64
		{84AD3311-C831-4FC3-9E4D-5DD8EF0733E1}.Debug|x86.ActiveCfg = Debug|Win32
		{84AD3311-C831-4FC3-9E4D-5DD8EF0733E1}.Debug|x86.Build.0 = Debug|Win32
		{84AD3311-C831-4FC3-9E4D-5DD8EF0733E1}.Release|x64.ActiveCfg = Release|x64
		{84AD3311-C831-4FC3-9E4D-5DD8EF0733E1}.Release|x64.Build.0 = Release|x64
		{84AD3311-C831-4FC3-9E4D-5DD8EF0733E1}.Release|x86.ActiveCfg = Release|Win32
		{84AD3311-C831-4FC3-9E4D-5DD8EF0733E1}.Release|x86.Build.0 = Release|Win32
		{DA534542-3607-4585-BF2E-E749C7883BD0}.Debug|x64.ActiveCfg = Debug|x64
		{DA534542-3607-4585-BF2E-E749C7883BD0}.Debug|x64.Build.0 = Debug|x64
		{DA534542-3607-4585-BF2E-E749C7883BD0}.Debug|x86.ActiveCfg = Debug|Win32
		{DA534542-3607-4585-BF2E-E749C7883BD0}.Debug|x86.Build.0 = Debug|Win32
		{DA534542-3607-4585-BF2E-E749C7883BD0}.Release|x64.ActiveCfg = Release|x64
		{DA534542-3607-4585-BF2E-E749C7883BD0}.Release|x64.Build.0 = Release|x64
		{DA534542-3607-4585-BF2E-E749C7883BD0}.Release|x86.ActiveCfg = Release|Win32
		{DA534542-3607-4585-BF2E-E749C7883BD0}.Release|x86.Build.0 = Release|Win32
	EndGlobalSection
	GlobalSection(SolutionProperties) = preSolution
		HideSolutionNode = FALSE
	EndGlobalSection
	GlobalSection(ExtensibilityGlobals) = postSolution
		SolutionGuid = {CB1B4FEF-E29D-47C9-A728-C4F5D3291B16}
	EndGlobalSection
EndGlobal
